
Microsoft Visual Studio Solution File, Format Version 12.00
# Visual Studio 15
VisualStudioVersion = 15.0.26730.3
MinimumVisualStudioVersion = 10.0.40219.1
Project("{2150E333-8FDC-42A3-9474-1A3956D46DE8}") = "Solution Items", "Solution Items", "{E92E60AC-202D-4BB5-B736-F6EAF6B9F558}"
	ProjectSection(SolutionItems) = preProject
		.gitignore = .gitignore
		Analytics.md = Analytics.md
		app-install-website.cmd = app-install-website.cmd
		app-install-website.ps1 = app-install-website.ps1
		app-setup-dev.cmd = app-setup-dev.cmd
		app-setup-dev.ps1 = app-setup-dev.ps1
		Banners.md = Banners.md
		Design.md = Design.md
		DotNetCoreMvc.md = DotNetCoreMvc.md
		DotNetFrameworkMvc.md = DotNetFrameworkMvc.md
		DotNetFrameworkWebForms.md = DotNetFrameworkWebForms.md
		GovDelivery.md = GovDelivery.md
		LICENSE.md = LICENSE.md
		README.md = README.md
		RedirectsAndCustomErrors.md = RedirectsAndCustomErrors.md
		RSS.md = RSS.md
		TagManager.md = TagManager.md
		TextSize.md = TextSize.md
		Tips.md = Tips.md
	EndProjectSection
EndProject
Project("{FAE04EC0-301F-11D3-BF4B-00C04F79EFBC}") = "Escc.EastSussexGovUK.Tests", "Escc.EastSussexGovUK.Tests\Escc.EastSussexGovUK.Tests.csproj", "{C7C8165C-927A-4448-B84A-6D91FA17C74C}"
EndProject
Project("{FAE04EC0-301F-11D3-BF4B-00C04F79EFBC}") = "Escc.EastSussexGovUK.Mvc", "Escc.EastSussexGovUK.Mvc\Escc.EastSussexGovUK.Mvc.csproj", "{D5F8A611-62BA-42B7-A290-2520B505E022}"
EndProject
Project("{FAE04EC0-301F-11D3-BF4B-00C04F79EFBC}") = "Escc.EastSussexGovUK.WebForms", "Escc.EastSussexGovUK.WebForms\Escc.EastSussexGovUK.WebForms.csproj", "{A4F57253-64C9-4636-BC3C-E145EB06078E}"
EndProject
Project("{FAE04EC0-301F-11D3-BF4B-00C04F79EFBC}") = "Escc.EastSussexGovUK.Rss", "Escc.EastSussexGovUK.Rss\Escc.EastSussexGovUK.Rss.csproj", "{3365C8C7-EBA0-49FF-BC27-D79E5466D5A6}"
EndProject
Project("{FAE04EC0-301F-11D3-BF4B-00C04F79EFBC}") = "Escc.EastSussexGovUK.TemplateSource", "Escc.EastSussexGovUK.TemplateSource\Escc.EastSussexGovUK.TemplateSource.csproj", "{1426FEF0-23DC-4C23-AE15-67F2527BD741}"
EndProject
Project("{FAE04EC0-301F-11D3-BF4B-00C04F79EFBC}") = "Escc.EastSussexGovUK.TemplateSource.Tests", "Escc.EastSussexGovUK.TemplateSource.Tests\Escc.EastSussexGovUK.TemplateSource.Tests.csproj", "{E38D0104-D5B8-4A69-9238-C2A80E41BCA0}"
EndProject
Project("{FAE04EC0-301F-11D3-BF4B-00C04F79EFBC}") = "Escc.EastSussexGovUK.NuGet", "Escc.EastSussexGovUK.NuGet\Escc.EastSussexGovUK.NuGet.csproj", "{018F6F73-BEBA-4DB1-A3AB-F5BB0A47E077}"
EndProject
Project("{9A19103F-16F7-4668-BE54-9A1E7A4F7556}") = "Escc.EastSussexGovUK", "Escc.EastSussexGovUK\Escc.EastSussexGovUK.csproj", "{D127EE20-6FAF-4C0B-BFD7-1F96DFCE1C94}"
EndProject
Project("{9A19103F-16F7-4668-BE54-9A1E7A4F7556}") = "Escc.EastSussexGovUK.Core", "Escc.EastSussexGovUK.Core\Escc.EastSussexGovUK.Core.csproj", "{0221C29B-AEAD-4DD8-9179-C03B02DD30D4}"
EndProject
Project("{9A19103F-16F7-4668-BE54-9A1E7A4F7556}") = "NetCoreTest", "NetCoreTest\NetCoreTest.csproj", "{CD92D789-90E3-468B-8E4C-5978E704D4AC}"
EndProject
Global
	GlobalSection(SolutionConfigurationPlatforms) = preSolution
		Debug|Any CPU = Debug|Any CPU
		Release|Any CPU = Release|Any CPU
		UAT|Any CPU = UAT|Any CPU
	EndGlobalSection
	GlobalSection(ProjectConfigurationPlatforms) = postSolution
		{C7C8165C-927A-4448-B84A-6D91FA17C74C}.Debug|Any CPU.ActiveCfg = Debug|Any CPU
		{C7C8165C-927A-4448-B84A-6D91FA17C74C}.Debug|Any CPU.Build.0 = Debug|Any CPU
		{C7C8165C-927A-4448-B84A-6D91FA17C74C}.Release|Any CPU.ActiveCfg = Release|Any CPU
		{C7C8165C-927A-4448-B84A-6D91FA17C74C}.Release|Any CPU.Build.0 = Release|Any CPU
		{C7C8165C-927A-4448-B84A-6D91FA17C74C}.UAT|Any CPU.ActiveCfg = Release|Any CPU
		{C7C8165C-927A-4448-B84A-6D91FA17C74C}.UAT|Any CPU.Build.0 = Release|Any CPU
		{D5F8A611-62BA-42B7-A290-2520B505E022}.Debug|Any CPU.ActiveCfg = Debug|Any CPU
		{D5F8A611-62BA-42B7-A290-2520B505E022}.Debug|Any CPU.Build.0 = Debug|Any CPU
		{D5F8A611-62BA-42B7-A290-2520B505E022}.Release|Any CPU.ActiveCfg = Release|Any CPU
		{D5F8A611-62BA-42B7-A290-2520B505E022}.Release|Any CPU.Build.0 = Release|Any CPU
		{D5F8A611-62BA-42B7-A290-2520B505E022}.UAT|Any CPU.ActiveCfg = Release|Any CPU
		{D5F8A611-62BA-42B7-A290-2520B505E022}.UAT|Any CPU.Build.0 = Release|Any CPU
		{A4F57253-64C9-4636-BC3C-E145EB06078E}.Debug|Any CPU.ActiveCfg = Debug|Any CPU
		{A4F57253-64C9-4636-BC3C-E145EB06078E}.Debug|Any CPU.Build.0 = Debug|Any CPU
		{A4F57253-64C9-4636-BC3C-E145EB06078E}.Release|Any CPU.ActiveCfg = Release|Any CPU
		{A4F57253-64C9-4636-BC3C-E145EB06078E}.Release|Any CPU.Build.0 = Release|Any CPU
		{A4F57253-64C9-4636-BC3C-E145EB06078E}.UAT|Any CPU.ActiveCfg = Release|Any CPU
		{A4F57253-64C9-4636-BC3C-E145EB06078E}.UAT|Any CPU.Build.0 = Release|Any CPU
		{3365C8C7-EBA0-49FF-BC27-D79E5466D5A6}.Debug|Any CPU.ActiveCfg = Debug|Any CPU
		{3365C8C7-EBA0-49FF-BC27-D79E5466D5A6}.Debug|Any CPU.Build.0 = Debug|Any CPU
		{3365C8C7-EBA0-49FF-BC27-D79E5466D5A6}.Release|Any CPU.ActiveCfg = Release|Any CPU
		{3365C8C7-EBA0-49FF-BC27-D79E5466D5A6}.Release|Any CPU.Build.0 = Release|Any CPU
		{3365C8C7-EBA0-49FF-BC27-D79E5466D5A6}.UAT|Any CPU.ActiveCfg = Release|Any CPU
		{3365C8C7-EBA0-49FF-BC27-D79E5466D5A6}.UAT|Any CPU.Build.0 = Release|Any CPU
		{1426FEF0-23DC-4C23-AE15-67F2527BD741}.Debug|Any CPU.ActiveCfg = Debug|Any CPU
		{1426FEF0-23DC-4C23-AE15-67F2527BD741}.Debug|Any CPU.Build.0 = Debug|Any CPU
		{1426FEF0-23DC-4C23-AE15-67F2527BD741}.Release|Any CPU.ActiveCfg = Release|Any CPU
		{1426FEF0-23DC-4C23-AE15-67F2527BD741}.Release|Any CPU.Build.0 = Release|Any CPU
		{1426FEF0-23DC-4C23-AE15-67F2527BD741}.UAT|Any CPU.ActiveCfg = Release|Any CPU
		{1426FEF0-23DC-4C23-AE15-67F2527BD741}.UAT|Any CPU.Build.0 = Release|Any CPU
		{E38D0104-D5B8-4A69-9238-C2A80E41BCA0}.Debug|Any CPU.ActiveCfg = Debug|Any CPU
		{E38D0104-D5B8-4A69-9238-C2A80E41BCA0}.Debug|Any CPU.Build.0 = Debug|Any CPU
		{E38D0104-D5B8-4A69-9238-C2A80E41BCA0}.Release|Any CPU.ActiveCfg = Release|Any CPU
		{E38D0104-D5B8-4A69-9238-C2A80E41BCA0}.Release|Any CPU.Build.0 = Release|Any CPU
		{E38D0104-D5B8-4A69-9238-C2A80E41BCA0}.UAT|Any CPU.ActiveCfg = Release|Any CPU
		{E38D0104-D5B8-4A69-9238-C2A80E41BCA0}.UAT|Any CPU.Build.0 = Release|Any CPU
		{018F6F73-BEBA-4DB1-A3AB-F5BB0A47E077}.Debug|Any CPU.ActiveCfg = Debug|Any CPU
		{018F6F73-BEBA-4DB1-A3AB-F5BB0A47E077}.Debug|Any CPU.Build.0 = Debug|Any CPU
		{018F6F73-BEBA-4DB1-A3AB-F5BB0A47E077}.Release|Any CPU.ActiveCfg = Release|Any CPU
		{018F6F73-BEBA-4DB1-A3AB-F5BB0A47E077}.Release|Any CPU.Build.0 = Release|Any CPU
		{018F6F73-BEBA-4DB1-A3AB-F5BB0A47E077}.UAT|Any CPU.ActiveCfg = Release|Any CPU
		{018F6F73-BEBA-4DB1-A3AB-F5BB0A47E077}.UAT|Any CPU.Build.0 = Release|Any CPU
		{D127EE20-6FAF-4C0B-BFD7-1F96DFCE1C94}.Debug|Any CPU.ActiveCfg = Debug|Any CPU
		{D127EE20-6FAF-4C0B-BFD7-1F96DFCE1C94}.Debug|Any CPU.Build.0 = Debug|Any CPU
		{D127EE20-6FAF-4C0B-BFD7-1F96DFCE1C94}.Release|Any CPU.ActiveCfg = Release|Any CPU
		{D127EE20-6FAF-4C0B-BFD7-1F96DFCE1C94}.Release|Any CPU.Build.0 = Release|Any CPU
		{D127EE20-6FAF-4C0B-BFD7-1F96DFCE1C94}.UAT|Any CPU.ActiveCfg = Debug|Any CPU
		{D127EE20-6FAF-4C0B-BFD7-1F96DFCE1C94}.UAT|Any CPU.Build.0 = Debug|Any CPU
		{0221C29B-AEAD-4DD8-9179-C03B02DD30D4}.Debug|Any CPU.ActiveCfg = Debug|Any CPU
		{0221C29B-AEAD-4DD8-9179-C03B02DD30D4}.Debug|Any CPU.Build.0 = Debug|Any CPU
		{0221C29B-AEAD-4DD8-9179-C03B02DD30D4}.Release|Any CPU.ActiveCfg = Release|Any CPU
		{0221C29B-AEAD-4DD8-9179-C03B02DD30D4}.Release|Any CPU.Build.0 = Release|Any CPU
		{0221C29B-AEAD-4DD8-9179-C03B02DD30D4}.UAT|Any CPU.ActiveCfg = Debug|Any CPU
		{0221C29B-AEAD-4DD8-9179-C03B02DD30D4}.UAT|Any CPU.Build.0 = Debug|Any CPU
		{CD92D789-90E3-468B-8E4C-5978E704D4AC}.Debug|Any CPU.ActiveCfg = Debug|Any CPU
		{CD92D789-90E3-468B-8E4C-5978E704D4AC}.Debug|Any CPU.Build.0 = Debug|Any CPU
		{CD92D789-90E3-468B-8E4C-5978E704D4AC}.Release|Any CPU.ActiveCfg = Release|Any CPU
		{CD92D789-90E3-468B-8E4C-5978E704D4AC}.Release|Any CPU.Build.0 = Release|Any CPU
		{CD92D789-90E3-468B-8E4C-5978E704D4AC}.UAT|Any CPU.ActiveCfg = Debug|Any CPU
		{CD92D789-90E3-468B-8E4C-5978E704D4AC}.UAT|Any CPU.Build.0 = Debug|Any CPU
	EndGlobalSection
	GlobalSection(SolutionProperties) = preSolution
		HideSolutionNode = FALSE
	EndGlobalSection
	GlobalSection(ExtensibilityGlobals) = postSolution
		SolutionGuid = {888E4C4E-D6D2-4E7A-BF0D-5AF53BF856E4}
	EndGlobalSection
EndGlobal
