
Microsoft Visual Studio Solution File, Format Version 12.00
# Visual Studio 14
VisualStudioVersion = 14.0.24720.0
MinimumVisualStudioVersion = 10.0.40219.1
Project("{FAE04EC0-301F-11D3-BF4B-00C04F79EFBC}") = "EsccWebTeam.EastSussexGovUK", "Escc.EastSussexGovUK\EsccWebTeam.EastSussexGovUK.csproj", "{1426FEF0-23DC-4C23-AE15-67F2527BD741}"
EndProject
Project("{FAE04EC0-301F-11D3-BF4B-00C04F79EFBC}") = "EsccWebTeam.Data.Web", "..\Escc.Data.Web\EsccWebTeam.Data.Web.csproj", "{9C56D3DD-4952-4A1B-9AD6-907A1142872F}"
EndProject
Project("{FAE04EC0-301F-11D3-BF4B-00C04F79EFBC}") = "EsccWebTeam.HouseStyle", "..\Escc.HouseStyle\EsccWebTeam.HouseStyle.csproj", "{1C429378-DBF2-4AF7-88AC-C059AA163682}"
EndProject
Project("{FAE04EC0-301F-11D3-BF4B-00C04F79EFBC}") = "EsccWebTeam.NavigationControls", "..\Escc.NavigationControls\EsccWebTeam.NavigationControls.csproj", "{0323F668-1723-44A1-8C94-F91DC59EF315}"
EndProject
Project("{2150E333-8FDC-42A3-9474-1A3956D46DE8}") = "Solution Items", "Solution Items", "{E92E60AC-202D-4BB5-B736-F6EAF6B9F558}"
	ProjectSection(SolutionItems) = preProject
		.gitignore = .gitignore
		Analytics.md = Analytics.md
		app-install.cmd = app-install.cmd
		app-install.ps1 = app-install.ps1
		app-setup-dev.cmd = app-setup-dev.cmd
		app-setup-dev.ps1 = app-setup-dev.ps1
		Banners.md = Banners.md
		Design.md = Design.md
		GovDelivery.md = GovDelivery.md
		iCalendar.md = iCalendar.md
		LICENSE.md = LICENSE.md
		LinkedData.md = LinkedData.md
		README.md = README.md
		RSS.md = RSS.md
		TagManager.md = TagManager.md
		TextSize.md = TextSize.md
	EndProjectSection
EndProject
Project("{FAE04EC0-301F-11D3-BF4B-00C04F79EFBC}") = "Escc.EastSussexGovUK.Tests", "Escc.EastSussexGovUK.Tests\Escc.EastSussexGovUK.Tests.csproj", "{C7C8165C-927A-4448-B84A-6D91FA17C74C}"
EndProject
Global
	GlobalSection(SolutionConfigurationPlatforms) = preSolution
		Debug|Any CPU = Debug|Any CPU
		Release|Any CPU = Release|Any CPU
		UAT|Any CPU = UAT|Any CPU
	EndGlobalSection
	GlobalSection(ProjectConfigurationPlatforms) = postSolution
		{1426FEF0-23DC-4C23-AE15-67F2527BD741}.Debug|Any CPU.ActiveCfg = Debug|Any CPU
		{1426FEF0-23DC-4C23-AE15-67F2527BD741}.Debug|Any CPU.Build.0 = Debug|Any CPU
		{1426FEF0-23DC-4C23-AE15-67F2527BD741}.Release|Any CPU.ActiveCfg = Release|Any CPU
		{1426FEF0-23DC-4C23-AE15-67F2527BD741}.Release|Any CPU.Build.0 = Release|Any CPU
		{1426FEF0-23DC-4C23-AE15-67F2527BD741}.UAT|Any CPU.ActiveCfg = Release|Any CPU
		{1426FEF0-23DC-4C23-AE15-67F2527BD741}.UAT|Any CPU.Build.0 = Release|Any CPU
		{9C56D3DD-4952-4A1B-9AD6-907A1142872F}.Debug|Any CPU.ActiveCfg = Debug|Any CPU
		{9C56D3DD-4952-4A1B-9AD6-907A1142872F}.Debug|Any CPU.Build.0 = Debug|Any CPU
		{9C56D3DD-4952-4A1B-9AD6-907A1142872F}.Release|Any CPU.ActiveCfg = Release|Any CPU
		{9C56D3DD-4952-4A1B-9AD6-907A1142872F}.Release|Any CPU.Build.0 = Release|Any CPU
		{9C56D3DD-4952-4A1B-9AD6-907A1142872F}.UAT|Any CPU.ActiveCfg = Release|Any CPU
		{9C56D3DD-4952-4A1B-9AD6-907A1142872F}.UAT|Any CPU.Build.0 = Release|Any CPU
		{1C429378-DBF2-4AF7-88AC-C059AA163682}.Debug|Any CPU.ActiveCfg = Debug|Any CPU
		{1C429378-DBF2-4AF7-88AC-C059AA163682}.Debug|Any CPU.Build.0 = Debug|Any CPU
		{1C429378-DBF2-4AF7-88AC-C059AA163682}.Release|Any CPU.ActiveCfg = Release|Any CPU
		{1C429378-DBF2-4AF7-88AC-C059AA163682}.Release|Any CPU.Build.0 = Release|Any CPU
		{1C429378-DBF2-4AF7-88AC-C059AA163682}.UAT|Any CPU.ActiveCfg = Release|Any CPU
		{1C429378-DBF2-4AF7-88AC-C059AA163682}.UAT|Any CPU.Build.0 = Release|Any CPU
		{0323F668-1723-44A1-8C94-F91DC59EF315}.Debug|Any CPU.ActiveCfg = Debug|Any CPU
		{0323F668-1723-44A1-8C94-F91DC59EF315}.Debug|Any CPU.Build.0 = Debug|Any CPU
		{0323F668-1723-44A1-8C94-F91DC59EF315}.Release|Any CPU.ActiveCfg = Release|Any CPU
		{0323F668-1723-44A1-8C94-F91DC59EF315}.Release|Any CPU.Build.0 = Release|Any CPU
		{0323F668-1723-44A1-8C94-F91DC59EF315}.UAT|Any CPU.ActiveCfg = Release|Any CPU
		{0323F668-1723-44A1-8C94-F91DC59EF315}.UAT|Any CPU.Build.0 = Release|Any CPU
		{C7C8165C-927A-4448-B84A-6D91FA17C74C}.Debug|Any CPU.ActiveCfg = Debug|Any CPU
		{C7C8165C-927A-4448-B84A-6D91FA17C74C}.Debug|Any CPU.Build.0 = Debug|Any CPU
		{C7C8165C-927A-4448-B84A-6D91FA17C74C}.Release|Any CPU.ActiveCfg = Release|Any CPU
		{C7C8165C-927A-4448-B84A-6D91FA17C74C}.Release|Any CPU.Build.0 = Release|Any CPU
		{C7C8165C-927A-4448-B84A-6D91FA17C74C}.UAT|Any CPU.ActiveCfg = Release|Any CPU
		{C7C8165C-927A-4448-B84A-6D91FA17C74C}.UAT|Any CPU.Build.0 = Release|Any CPU
	EndGlobalSection
	GlobalSection(SolutionProperties) = preSolution
		HideSolutionNode = FALSE
	EndGlobalSection
EndGlobal
